
Microsoft Visual Studio Solution File, Format Version 12.00
# Visual Studio 2017
Project("{FAE04EC0-301F-11D3-BF4B-00C04F79EFBC}") = "TheMansion", "TheMansion.csproj", "{FA77F1BA-6188-E07F-4CE5-1ABDEA356799}"
EndProject
Project("{FAE04EC0-301F-11D3-BF4B-00C04F79EFBC}") = "TheMansion.Plugins", "TheMansion.Plugins.csproj", "{047A1756-1175-2FA1-A8EC-B92EE1756238}"
EndProject
Project("{FAE04EC0-301F-11D3-BF4B-00C04F79EFBC}") = "TheMansion.Editor.Plugins", "TheMansion.Editor.Plugins.csproj", "{FA63154C-7B27-1611-5D5E-0BAFB5167168}"
EndProject
Global
	GlobalSection(SolutionConfigurationPlatforms) = preSolution
		Debug|Any CPU = Debug|Any CPU
		Release|Any CPU = Release|Any CPU
	EndGlobalSection
	GlobalSection(ProjectConfigurationPlatforms) = postSolution
		{FA77F1BA-6188-E07F-4CE5-1ABDEA356799}.Debug|Any CPU.ActiveCfg = Debug|Any CPU
		{FA77F1BA-6188-E07F-4CE5-1ABDEA356799}.Debug|Any CPU.Build.0 = Debug|Any CPU
		{FA77F1BA-6188-E07F-4CE5-1ABDEA356799}.Release|Any CPU.ActiveCfg = Release|Any CPU
		{FA77F1BA-6188-E07F-4CE5-1ABDEA356799}.Release|Any CPU.Build.0 = Release|Any CPU
		{047A1756-1175-2FA1-A8EC-B92EE1756238}.Debug|Any CPU.ActiveCfg = Debug|Any CPU
		{047A1756-1175-2FA1-A8EC-B92EE1756238}.Debug|Any CPU.Build.0 = Debug|Any CPU
		{047A1756-1175-2FA1-A8EC-B92EE1756238}.Release|Any CPU.ActiveCfg = Release|Any CPU
		{047A1756-1175-2FA1-A8EC-B92EE1756238}.Release|Any CPU.Build.0 = Release|Any CPU
		{FA63154C-7B27-1611-5D5E-0BAFB5167168}.Debug|Any CPU.ActiveCfg = Debug|Any CPU
		{FA63154C-7B27-1611-5D5E-0BAFB5167168}.Debug|Any CPU.Build.0 = Debug|Any CPU
		{FA63154C-7B27-1611-5D5E-0BAFB5167168}.Release|Any CPU.ActiveCfg = Release|Any CPU
		{FA63154C-7B27-1611-5D5E-0BAFB5167168}.Release|Any CPU.Build.0 = Release|Any CPU
	EndGlobalSection
	GlobalSection(SolutionProperties) = preSolution
		HideSolutionNode = FALSE
	EndGlobalSection
EndGlobal
